// !$*UTF8*$!
{
	archiveVersion = 1;
	classes = {
	};
	objectVersion = 56;
	objects = {

/* Begin PBXBuildFile section */
		A0A388C32ABD6E7600F6072B /* H4XORApp.swift in Sources */ = {isa = PBXBuildFile; fileRef = A0A388C22ABD6E7600F6072B /* H4XORApp.swift */; };
		A0A388C52ABD6E7600F6072B /* ContentView.swift in Sources */ = {isa = PBXBuildFile; fileRef = A0A388C42ABD6E7600F6072B /* ContentView.swift */; };
		A0A388C72ABD6E7700F6072B /* Assets.xcassets in Resources */ = {isa = PBXBuildFile; fileRef = A0A388C62ABD6E7700F6072B /* Assets.xcassets */; };
		A0A388CB2ABD6E7700F6072B /* Preview Assets.xcassets in Resources */ = {isa = PBXBuildFile; fileRef = A0A388CA2ABD6E7700F6072B /* Preview Assets.xcassets */; };
		A0A388D52ABD6E7700F6072B /* H4XORTests.swift in Sources */ = {isa = PBXBuildFile; fileRef = A0A388D42ABD6E7700F6072B /* H4XORTests.swift */; };
		A0A388DF2ABD6E7700F6072B /* H4XORUITests.swift in Sources */ = {isa = PBXBuildFile; fileRef = A0A388DE2ABD6E7700F6072B /* H4XORUITests.swift */; };
		A0A388E12ABD6E7700F6072B /* H4XORUITestsLaunchTests.swift in Sources */ = {isa = PBXBuildFile; fileRef = A0A388E02ABD6E7700F6072B /* H4XORUITestsLaunchTests.swift */; };
		A0A388EF2ABD70D900F6072B /* NetworkManager.swift in Sources */ = {isa = PBXBuildFile; fileRef = A0A388EE2ABD70D900F6072B /* NetworkManager.swift */; };
		A0A388F12ABD71B500F6072B /* PostData.swift in Sources */ = {isa = PBXBuildFile; fileRef = A0A388F02ABD71B500F6072B /* PostData.swift */; };
		A0A388F32ABD75EA00F6072B /* DetailedView.swift in Sources */ = {isa = PBXBuildFile; fileRef = A0A388F22ABD75EA00F6072B /* DetailedView.swift */; };
		A0A388F52ABD78F400F6072B /* WebView.swift in Sources */ = {isa = PBXBuildFile; fileRef = A0A388F42ABD78F400F6072B /* WebView.swift */; };
/* End PBXBuildFile section */

/* Begin PBXContainerItemProxy section */
		A0A388D12ABD6E7700F6072B /* PBXContainerItemProxy */ = {
			isa = PBXContainerItemProxy;
			containerPortal = A0A388B72ABD6E7600F6072B /* Project object */;
			proxyType = 1;
			remoteGlobalIDString = A0A388BE2ABD6E7600F6072B;
			remoteInfo = H4XOR;
		};
		A0A388DB2ABD6E7700F6072B /* PBXContainerItemProxy */ = {
			isa = PBXContainerItemProxy;
			containerPortal = A0A388B72ABD6E7600F6072B /* Project object */;
			proxyType = 1;
			remoteGlobalIDString = A0A388BE2ABD6E7600F6072B;
			remoteInfo = H4XOR;
		};
/* End PBXContainerItemProxy section */

/* Begin PBXFileReference section */
		A0A388BF2ABD6E7600F6072B /* H4XOR.app */ = {isa = PBXFileReference; explicitFileType = wrapper.application; includeInIndex = 0; path = H4XOR.app; sourceTree = BUILT_PRODUCTS_DIR; };
		A0A388C22ABD6E7600F6072B /* H4XORApp.swift */ = {isa = PBXFileReference; lastKnownFileType = sourcecode.swift; path = H4XORApp.swift; sourceTree = "<group>"; };
		A0A388C42ABD6E7600F6072B /* ContentView.swift */ = {isa = PBXFileReference; lastKnownFileType = sourcecode.swift; path = ContentView.swift; sourceTree = "<group>"; };
		A0A388C62ABD6E7700F6072B /* Assets.xcassets */ = {isa = PBXFileReference; lastKnownFileType = folder.assetcatalog; path = Assets.xcassets; sourceTree = "<group>"; };
		A0A388C82ABD6E7700F6072B /* H4XOR.entitlements */ = {isa = PBXFileReference; lastKnownFileType = text.plist.entitlements; path = H4XOR.entitlements; sourceTree = "<group>"; };
		A0A388CA2ABD6E7700F6072B /* Preview Assets.xcassets */ = {isa = PBXFileReference; lastKnownFileType = folder.assetcatalog; path = "Preview Assets.xcassets"; sourceTree = "<group>"; };
		A0A388D02ABD6E7700F6072B /* H4XORTests.xctest */ = {isa = PBXFileReference; explicitFileType = wrapper.cfbundle; includeInIndex = 0; path = H4XORTests.xctest; sourceTree = BUILT_PRODUCTS_DIR; };
		A0A388D42ABD6E7700F6072B /* H4XORTests.swift */ = {isa = PBXFileReference; lastKnownFileType = sourcecode.swift; path = H4XORTests.swift; sourceTree = "<group>"; };
		A0A388DA2ABD6E7700F6072B /* H4XORUITests.xctest */ = {isa = PBXFileReference; explicitFileType = wrapper.cfbundle; includeInIndex = 0; path = H4XORUITests.xctest; sourceTree = BUILT_PRODUCTS_DIR; };
		A0A388DE2ABD6E7700F6072B /* H4XORUITests.swift */ = {isa = PBXFileReference; lastKnownFileType = sourcecode.swift; path = H4XORUITests.swift; sourceTree = "<group>"; };
		A0A388E02ABD6E7700F6072B /* H4XORUITestsLaunchTests.swift */ = {isa = PBXFileReference; lastKnownFileType = sourcecode.swift; path = H4XORUITestsLaunchTests.swift; sourceTree = "<group>"; };
		A0A388EE2ABD70D900F6072B /* NetworkManager.swift */ = {isa = PBXFileReference; lastKnownFileType = sourcecode.swift; path = NetworkManager.swift; sourceTree = "<group>"; };
		A0A388F02ABD71B500F6072B /* PostData.swift */ = {isa = PBXFileReference; lastKnownFileType = sourcecode.swift; path = PostData.swift; sourceTree = "<group>"; };
		A0A388F22ABD75EA00F6072B /* DetailedView.swift */ = {isa = PBXFileReference; lastKnownFileType = sourcecode.swift; path = DetailedView.swift; sourceTree = "<group>"; };
		A0A388F42ABD78F400F6072B /* WebView.swift */ = {isa = PBXFileReference; lastKnownFileType = sourcecode.swift; path = WebView.swift; sourceTree = "<group>"; };
/* End PBXFileReference section */

/* Begin PBXFrameworksBuildPhase section */
		A0A388BC2ABD6E7600F6072B /* Frameworks */ = {
			isa = PBXFrameworksBuildPhase;
			buildActionMask = 2147483647;
			files = (
			);
			runOnlyForDeploymentPostprocessing = 0;
		};
		A0A388CD2ABD6E7700F6072B /* Frameworks */ = {
			isa = PBXFrameworksBuildPhase;
			buildActionMask = 2147483647;
			files = (
			);
			runOnlyForDeploymentPostprocessing = 0;
		};
		A0A388D72ABD6E7700F6072B /* Frameworks */ = {
			isa = PBXFrameworksBuildPhase;
			buildActionMask = 2147483647;
			files = (
			);
			runOnlyForDeploymentPostprocessing = 0;
		};
/* End PBXFrameworksBuildPhase section */

/* Begin PBXGroup section */
		A0A388B62ABD6E7600F6072B = {
			isa = PBXGroup;
			children = (
				A0A388C12ABD6E7600F6072B /* H4XOR */,
				A0A388D32ABD6E7700F6072B /* H4XORTests */,
				A0A388DD2ABD6E7700F6072B /* H4XORUITests */,
				A0A388C02ABD6E7600F6072B /* Products */,
			);
			sourceTree = "<group>";
		};
		A0A388C02ABD6E7600F6072B /* Products */ = {
			isa = PBXGroup;
			children = (
				A0A388BF2ABD6E7600F6072B /* H4XOR.app */,
				A0A388D02ABD6E7700F6072B /* H4XORTests.xctest */,
				A0A388DA2ABD6E7700F6072B /* H4XORUITests.xctest */,
			);
			name = Products;
			sourceTree = "<group>";
		};
		A0A388C12ABD6E7600F6072B /* H4XOR */ = {
			isa = PBXGroup;
			children = (
				A0A388ED2ABD70BF00F6072B /* Models */,
				A0A388C22ABD6E7600F6072B /* H4XORApp.swift */,
				A0A388C42ABD6E7600F6072B /* ContentView.swift */,
				A0A388C62ABD6E7700F6072B /* Assets.xcassets */,
				A0A388C82ABD6E7700F6072B /* H4XOR.entitlements */,
				A0A388C92ABD6E7700F6072B /* Preview Content */,
				A0A388F22ABD75EA00F6072B /* DetailedView.swift */,
				A0A388F42ABD78F400F6072B /* WebView.swift */,
			);
			path = H4XOR;
			sourceTree = "<group>";
		};
		A0A388C92ABD6E7700F6072B /* Preview Content */ = {
			isa = PBXGroup;
			children = (
				A0A388CA2ABD6E7700F6072B /* Preview Assets.xcassets */,
			);
			path = "Preview Content";
			sourceTree = "<group>";
		};
		A0A388D32ABD6E7700F6072B /* H4XORTests */ = {
			isa = PBXGroup;
			children = (
				A0A388D42ABD6E7700F6072B /* H4XORTests.swift */,
			);
			path = H4XORTests;
			sourceTree = "<group>";
		};
		A0A388DD2ABD6E7700F6072B /* H4XORUITests */ = {
			isa = PBXGroup;
			children = (
				A0A388DE2ABD6E7700F6072B /* H4XORUITests.swift */,
				A0A388E02ABD6E7700F6072B /* H4XORUITestsLaunchTests.swift */,
			);
			path = H4XORUITests;
			sourceTree = "<group>";
		};
		A0A388ED2ABD70BF00F6072B /* Models */ = {
			isa = PBXGroup;
			children = (
				A0A388EE2ABD70D900F6072B /* NetworkManager.swift */,
				A0A388F02ABD71B500F6072B /* PostData.swift */,
			);
			path = Models;
			sourceTree = "<group>";
		};
/* End PBXGroup section */

/* Begin PBXNativeTarget section */
		A0A388BE2ABD6E7600F6072B /* H4XOR */ = {
			isa = PBXNativeTarget;
			buildConfigurationList = A0A388E42ABD6E7700F6072B /* Build configuration list for PBXNativeTarget "H4XOR" */;
			buildPhases = (
				A0A388BB2ABD6E7600F6072B /* Sources */,
				A0A388BC2ABD6E7600F6072B /* Frameworks */,
				A0A388BD2ABD6E7600F6072B /* Resources */,
			);
			buildRules = (
			);
			dependencies = (
			);
			name = H4XOR;
			productName = H4XOR;
			productReference = A0A388BF2ABD6E7600F6072B /* H4XOR.app */;
			productType = "com.apple.product-type.application";
		};
		A0A388CF2ABD6E7700F6072B /* H4XORTests */ = {
			isa = PBXNativeTarget;
			buildConfigurationList = A0A388E72ABD6E7700F6072B /* Build configuration list for PBXNativeTarget "H4XORTests" */;
			buildPhases = (
				A0A388CC2ABD6E7700F6072B /* Sources */,
				A0A388CD2ABD6E7700F6072B /* Frameworks */,
				A0A388CE2ABD6E7700F6072B /* Resources */,
			);
			buildRules = (
			);
			dependencies = (
				A0A388D22ABD6E7700F6072B /* PBXTargetDependency */,
			);
			name = H4XORTests;
			productName = H4XORTests;
			productReference = A0A388D02ABD6E7700F6072B /* H4XORTests.xctest */;
			productType = "com.apple.product-type.bundle.unit-test";
		};
		A0A388D92ABD6E7700F6072B /* H4XORUITests */ = {
			isa = PBXNativeTarget;
			buildConfigurationList = A0A388EA2ABD6E7700F6072B /* Build configuration list for PBXNativeTarget "H4XORUITests" */;
			buildPhases = (
				A0A388D62ABD6E7700F6072B /* Sources */,
				A0A388D72ABD6E7700F6072B /* Frameworks */,
				A0A388D82ABD6E7700F6072B /* Resources */,
			);
			buildRules = (
			);
			dependencies = (
				A0A388DC2ABD6E7700F6072B /* PBXTargetDependency */,
			);
			name = H4XORUITests;
			productName = H4XORUITests;
			productReference = A0A388DA2ABD6E7700F6072B /* H4XORUITests.xctest */;
			productType = "com.apple.product-type.bundle.ui-testing";
		};
/* End PBXNativeTarget section */

/* Begin PBXProject section */
		A0A388B72ABD6E7600F6072B /* Project object */ = {
			isa = PBXProject;
			attributes = {
				BuildIndependentTargetsInParallel = 1;
				LastSwiftUpdateCheck = 1400;
				LastUpgradeCheck = 1400;
				TargetAttributes = {
					A0A388BE2ABD6E7600F6072B = {
						CreatedOnToolsVersion = 14.0;
					};
					A0A388CF2ABD6E7700F6072B = {
						CreatedOnToolsVersion = 14.0;
						TestTargetID = A0A388BE2ABD6E7600F6072B;
					};
					A0A388D92ABD6E7700F6072B = {
						CreatedOnToolsVersion = 14.0;
						TestTargetID = A0A388BE2ABD6E7600F6072B;
					};
				};
			};
			buildConfigurationList = A0A388BA2ABD6E7600F6072B /* Build configuration list for PBXProject "H4XOR" */;
			compatibilityVersion = "Xcode 14.0";
			developmentRegion = en;
			hasScannedForEncodings = 0;
			knownRegions = (
				en,
				Base,
			);
			mainGroup = A0A388B62ABD6E7600F6072B;
			productRefGroup = A0A388C02ABD6E7600F6072B /* Products */;
			projectDirPath = "";
			projectRoot = "";
			targets = (
				A0A388BE2ABD6E7600F6072B /* H4XOR */,
				A0A388CF2ABD6E7700F6072B /* H4XORTests */,
				A0A388D92ABD6E7700F6072B /* H4XORUITests */,
			);
		};
/* End PBXProject section */

/* Begin PBXResourcesBuildPhase section */
		A0A388BD2ABD6E7600F6072B /* Resources */ = {
			isa = PBXResourcesBuildPhase;
			buildActionMask = 2147483647;
			files = (
				A0A388CB2ABD6E7700F6072B /* Preview Assets.xcassets in Resources */,
				A0A388C72ABD6E7700F6072B /* Assets.xcassets in Resources */,
			);
			runOnlyForDeploymentPostprocessing = 0;
		};
		A0A388CE2ABD6E7700F6072B /* Resources */ = {
			isa = PBXResourcesBuildPhase;
			buildActionMask = 2147483647;
			files = (
			);
			runOnlyForDeploymentPostprocessing = 0;
		};
		A0A388D82ABD6E7700F6072B /* Resources */ = {
			isa = PBXResourcesBuildPhase;
			buildActionMask = 2147483647;
			files = (
			);
			runOnlyForDeploymentPostprocessing = 0;
		};
/* End PBXResourcesBuildPhase section */

/* Begin PBXSourcesBuildPhase section */
		A0A388BB2ABD6E7600F6072B /* Sources */ = {
			isa = PBXSourcesBuildPhase;
			buildActionMask = 2147483647;
			files = (
				A0A388EF2ABD70D900F6072B /* NetworkManager.swift in Sources */,
				A0A388F12ABD71B500F6072B /* PostData.swift in Sources */,
				A0A388F32ABD75EA00F6072B /* DetailedView.swift in Sources */,
				A0A388F52ABD78F400F6072B /* WebView.swift in Sources */,
				A0A388C52ABD6E7600F6072B /* ContentView.swift in Sources */,
				A0A388C32ABD6E7600F6072B /* H4XORApp.swift in Sources */,
			);
			runOnlyForDeploymentPostprocessing = 0;
		};
		A0A388CC2ABD6E7700F6072B /* Sources */ = {
			isa = PBXSourcesBuildPhase;
			buildActionMask = 2147483647;
			files = (
				A0A388D52ABD6E7700F6072B /* H4XORTests.swift in Sources */,
			);
			runOnlyForDeploymentPostprocessing = 0;
		};
		A0A388D62ABD6E7700F6072B /* Sources */ = {
			isa = PBXSourcesBuildPhase;
			buildActionMask = 2147483647;
			files = (
				A0A388E12ABD6E7700F6072B /* H4XORUITestsLaunchTests.swift in Sources */,
				A0A388DF2ABD6E7700F6072B /* H4XORUITests.swift in Sources */,
			);
			runOnlyForDeploymentPostprocessing = 0;
		};
/* End PBXSourcesBuildPhase section */

/* Begin PBXTargetDependency section */
		A0A388D22ABD6E7700F6072B /* PBXTargetDependency */ = {
			isa = PBXTargetDependency;
			target = A0A388BE2ABD6E7600F6072B /* H4XOR */;
			targetProxy = A0A388D12ABD6E7700F6072B /* PBXContainerItemProxy */;
		};
		A0A388DC2ABD6E7700F6072B /* PBXTargetDependency */ = {
			isa = PBXTargetDependency;
			target = A0A388BE2ABD6E7600F6072B /* H4XOR */;
			targetProxy = A0A388DB2ABD6E7700F6072B /* PBXContainerItemProxy */;
		};
/* End PBXTargetDependency section */

/* Begin XCBuildConfiguration section */
		A0A388E22ABD6E7700F6072B /* Debug */ = {
			isa = XCBuildConfiguration;
			buildSettings = {
				ALWAYS_SEARCH_USER_PATHS = NO;
				CLANG_ANALYZER_NONNULL = YES;
				CLANG_ANALYZER_NUMBER_OBJECT_CONVERSION = YES_AGGRESSIVE;
				CLANG_CXX_LANGUAGE_STANDARD = "gnu++20";
				CLANG_ENABLE_MODULES = YES;
				CLANG_ENABLE_OBJC_ARC = YES;
				CLANG_ENABLE_OBJC_WEAK = YES;
				CLANG_WARN_BLOCK_CAPTURE_AUTORELEASING = YES;
				CLANG_WARN_BOOL_CONVERSION = YES;
				CLANG_WARN_COMMA = YES;
				CLANG_WARN_CONSTANT_CONVERSION = YES;
				CLANG_WARN_DEPRECATED_OBJC_IMPLEMENTATIONS = YES;
				CLANG_WARN_DIRECT_OBJC_ISA_USAGE = YES_ERROR;
				CLANG_WARN_DOCUMENTATION_COMMENTS = YES;
				CLANG_WARN_EMPTY_BODY = YES;
				CLANG_WARN_ENUM_CONVERSION = YES;
				CLANG_WARN_INFINITE_RECURSION = YES;
				CLANG_WARN_INT_CONVERSION = YES;
				CLANG_WARN_NON_LITERAL_NULL_CONVERSION = YES;
				CLANG_WARN_OBJC_IMPLICIT_RETAIN_SELF = YES;
				CLANG_WARN_OBJC_LITERAL_CONVERSION = YES;
				CLANG_WARN_OBJC_ROOT_CLASS = YES_ERROR;
				CLANG_WARN_QUOTED_INCLUDE_IN_FRAMEWORK_HEADER = YES;
				CLANG_WARN_RANGE_LOOP_ANALYSIS = YES;
				CLANG_WARN_STRICT_PROTOTYPES = YES;
				CLANG_WARN_SUSPICIOUS_MOVE = YES;
				CLANG_WARN_UNGUARDED_AVAILABILITY = YES_AGGRESSIVE;
				CLANG_WARN_UNREACHABLE_CODE = YES;
				CLANG_WARN__DUPLICATE_METHOD_MATCH = YES;
				COPY_PHASE_STRIP = NO;
				DEBUG_INFORMATION_FORMAT = dwarf;
				ENABLE_STRICT_OBJC_MSGSEND = YES;
				ENABLE_TESTABILITY = YES;
				GCC_C_LANGUAGE_STANDARD = gnu11;
				GCC_DYNAMIC_NO_PIC = NO;
				GCC_NO_COMMON_BLOCKS = YES;
				GCC_OPTIMIZATION_LEVEL = 0;
				GCC_PREPROCESSOR_DEFINITIONS = (
					"DEBUG=1",
					"$(inherited)",
				);
				GCC_WARN_64_TO_32_BIT_CONVERSION = YES;
				GCC_WARN_ABOUT_RETURN_TYPE = YES_ERROR;
				GCC_WARN_UNDECLARED_SELECTOR = YES;
				GCC_WARN_UNINITIALIZED_AUTOS = YES_AGGRESSIVE;
				GCC_WARN_UNUSED_FUNCTION = YES;
				GCC_WARN_UNUSED_VARIABLE = YES;
				MTL_ENABLE_DEBUG_INFO = INCLUDE_SOURCE;
				MTL_FAST_MATH = YES;
				ONLY_ACTIVE_ARCH = YES;
				SWIFT_ACTIVE_COMPILATION_CONDITIONS = DEBUG;
				SWIFT_OPTIMIZATION_LEVEL = "-Onone";
			};
			name = Debug;
		};
		A0A388E32ABD6E7700F6072B /* Release */ = {
			isa = XCBuildConfiguration;
			buildSettings = {
				ALWAYS_SEARCH_USER_PATHS = NO;
				CLANG_ANALYZER_NONNULL = YES;
				CLANG_ANALYZER_NUMBER_OBJECT_CONVERSION = YES_AGGRESSIVE;
				CLANG_CXX_LANGUAGE_STANDARD = "gnu++20";
				CLANG_ENABLE_MODULES = YES;
				CLANG_ENABLE_OBJC_ARC = YES;
				CLANG_ENABLE_OBJC_WEAK = YES;
				CLANG_WARN_BLOCK_CAPTURE_AUTORELEASING = YES;
				CLANG_WARN_BOOL_CONVERSION = YES;
				CLANG_WARN_COMMA = YES;
				CLANG_WARN_CONSTANT_CONVERSION = YES;
				CLANG_WARN_DEPRECATED_OBJC_IMPLEMENTATIONS = YES;
				CLANG_WARN_DIRECT_OBJC_ISA_USAGE = YES_ERROR;
				CLANG_WARN_DOCUMENTATION_COMMENTS = YES;
				CLANG_WARN_EMPTY_BODY = YES;
				CLANG_WARN_ENUM_CONVERSION = YES;
				CLANG_WARN_INFINITE_RECURSION = YES;
				CLANG_WARN_INT_CONVERSION = YES;
				CLANG_WARN_NON_LITERAL_NULL_CONVERSION = YES;
				CLANG_WARN_OBJC_IMPLICIT_RETAIN_SELF = YES;
				CLANG_WARN_OBJC_LITERAL_CONVERSION = YES;
				CLANG_WARN_OBJC_ROOT_CLASS = YES_ERROR;
				CLANG_WARN_QUOTED_INCLUDE_IN_FRAMEWORK_HEADER = YES;
				CLANG_WARN_RANGE_LOOP_ANALYSIS = YES;
				CLANG_WARN_STRICT_PROTOTYPES = YES;
				CLANG_WARN_SUSPICIOUS_MOVE = YES;
				CLANG_WARN_UNGUARDED_AVAILABILITY = YES_AGGRESSIVE;
				CLANG_WARN_UNREACHABLE_CODE = YES;
				CLANG_WARN__DUPLICATE_METHOD_MATCH = YES;
				COPY_PHASE_STRIP = NO;
				DEBUG_INFORMATION_FORMAT = "dwarf-with-dsym";
				ENABLE_NS_ASSERTIONS = NO;
				ENABLE_STRICT_OBJC_MSGSEND = YES;
				GCC_C_LANGUAGE_STANDARD = gnu11;
				GCC_NO_COMMON_BLOCKS = YES;
				GCC_WARN_64_TO_32_BIT_CONVERSION = YES;
				GCC_WARN_ABOUT_RETURN_TYPE = YES_ERROR;
				GCC_WARN_UNDECLARED_SELECTOR = YES;
				GCC_WARN_UNINITIALIZED_AUTOS = YES_AGGRESSIVE;
				GCC_WARN_UNUSED_FUNCTION = YES;
				GCC_WARN_UNUSED_VARIABLE = YES;
				MTL_ENABLE_DEBUG_INFO = NO;
				MTL_FAST_MATH = YES;
				SWIFT_COMPILATION_MODE = wholemodule;
				SWIFT_OPTIMIZATION_LEVEL = "-O";
			};
			name = Release;
		};
		A0A388E52ABD6E7700F6072B /* Debug */ = {
			isa = XCBuildConfiguration;
			buildSettings = {
				ASSETCATALOG_COMPILER_APPICON_NAME = AppIcon;
				ASSETCATALOG_COMPILER_GLOBAL_ACCENT_COLOR_NAME = AccentColor;
				CODE_SIGN_ENTITLEMENTS = H4XOR/H4XOR.entitlements;
				CODE_SIGN_STYLE = Automatic;
				CURRENT_PROJECT_VERSION = 1;
				DEVELOPMENT_ASSET_PATHS = "\"H4XOR/Preview Content\"";
				DEVELOPMENT_TEAM = GW8XWHWQR7;
				ENABLE_HARDENED_RUNTIME = YES;
				ENABLE_PREVIEWS = YES;
				GENERATE_INFOPLIST_FILE = YES;
				"INFOPLIST_KEY_UIApplicationSceneManifest_Generation[sdk=iphoneos*]" = YES;
				"INFOPLIST_KEY_UIApplicationSceneManifest_Generation[sdk=iphonesimulator*]" = YES;
				"INFOPLIST_KEY_UIApplicationSupportsIndirectInputEvents[sdk=iphoneos*]" = YES;
				"INFOPLIST_KEY_UIApplicationSupportsIndirectInputEvents[sdk=iphonesimulator*]" = YES;
				"INFOPLIST_KEY_UILaunchScreen_Generation[sdk=iphoneos*]" = YES;
				"INFOPLIST_KEY_UILaunchScreen_Generation[sdk=iphonesimulator*]" = YES;
				"INFOPLIST_KEY_UIStatusBarStyle[sdk=iphoneos*]" = UIStatusBarStyleDefault;
				"INFOPLIST_KEY_UIStatusBarStyle[sdk=iphonesimulator*]" = UIStatusBarStyleDefault;
				INFOPLIST_KEY_UISupportedInterfaceOrientations_iPad = "UIInterfaceOrientationPortrait UIInterfaceOrientationPortraitUpsideDown UIInterfaceOrientationLandscapeLeft UIInterfaceOrientationLandscapeRight";
				INFOPLIST_KEY_UISupportedInterfaceOrientations_iPhone = "UIInterfaceOrientationPortrait UIInterfaceOrientationLandscapeLeft UIInterfaceOrientationLandscapeRight";
				IPHONEOS_DEPLOYMENT_TARGET = 16.0;
				LD_RUNPATH_SEARCH_PATHS = "@executable_path/Frameworks";
				"LD_RUNPATH_SEARCH_PATHS[sdk=macosx*]" = "@executable_path/../Frameworks";
				MACOSX_DEPLOYMENT_TARGET = 12.3;
				MARKETING_VERSION = 1.0;
				PRODUCT_BUNDLE_IDENTIFIER = com.taox.H4XOR;
				PRODUCT_NAME = "$(TARGET_NAME)";
				SDKROOT = auto;
				SUPPORTED_PLATFORMS = "iphoneos iphonesimulator macosx";
				SWIFT_EMIT_LOC_STRINGS = YES;
				SWIFT_VERSION = 5.0;
				TARGETED_DEVICE_FAMILY = "1,2";
			};
			name = Debug;
		};
		A0A388E62ABD6E7700F6072B /* Release */ = {
			isa = XCBuildConfiguration;
			buildSettings = {
				ASSETCATALOG_COMPILER_APPICON_NAME = AppIcon;
				ASSETCATALOG_COMPILER_GLOBAL_ACCENT_COLOR_NAME = AccentColor;
				CODE_SIGN_ENTITLEMENTS = H4XOR/H4XOR.entitlements;
				CODE_SIGN_STYLE = Automatic;
				CURRENT_PROJECT_VERSION = 1;
				DEVELOPMENT_ASSET_PATHS = "\"H4XOR/Preview Content\"";
				DEVELOPMENT_TEAM = GW8XWHWQR7;
				ENABLE_HARDENED_RUNTIME = YES;
				ENABLE_PREVIEWS = YES;
				GENERATE_INFOPLIST_FILE = YES;
				"INFOPLIST_KEY_UIApplicationSceneManifest_Generation[sdk=iphoneos*]" = YES;
				"INFOPLIST_KEY_UIApplicationSceneManifest_Generation[sdk=iphonesimulator*]" = YES;
				"INFOPLIST_KEY_UIApplicationSupportsIndirectInputEvents[sdk=iphoneos*]" = YES;
				"INFOPLIST_KEY_UIApplicationSupportsIndirectInputEvents[sdk=iphonesimulator*]" = YES;
				"INFOPLIST_KEY_UILaunchScreen_Generation[sdk=iphoneos*]" = YES;
				"INFOPLIST_KEY_UILaunchScreen_Generation[sdk=iphonesimulator*]" = YES;
				"INFOPLIST_KEY_UIStatusBarStyle[sdk=iphoneos*]" = UIStatusBarStyleDefault;
				"INFOPLIST_KEY_UIStatusBarStyle[sdk=iphonesimulator*]" = UIStatusBarStyleDefault;
				INFOPLIST_KEY_UISupportedInterfaceOrientations_iPad = "UIInterfaceOrientationPortrait UIInterfaceOrientationPortraitUpsideDown UIInterfaceOrientationLandscapeLeft UIInterfaceOrientationLandscapeRight";
				INFOPLIST_KEY_UISupportedInterfaceOrientations_iPhone = "UIInterfaceOrientationPortrait UIInterfaceOrientationLandscapeLeft UIInterfaceOrientationLandscapeRight";
				IPHONEOS_DEPLOYMENT_TARGET = 16.0;
				LD_RUNPATH_SEARCH_PATHS = "@executable_path/Frameworks";
				"LD_RUNPATH_SEARCH_PATHS[sdk=macosx*]" = "@executable_path/../Frameworks";
				MACOSX_DEPLOYMENT_TARGET = 12.3;
				MARKETING_VERSION = 1.0;
				PRODUCT_BUNDLE_IDENTIFIER = com.taox.H4XOR;
				PRODUCT_NAME = "$(TARGET_NAME)";
				SDKROOT = auto;
				SUPPORTED_PLATFORMS = "iphoneos iphonesimulator macosx";
				SWIFT_EMIT_LOC_STRINGS = YES;
				SWIFT_VERSION = 5.0;
				TARGETED_DEVICE_FAMILY = "1,2";
			};
			name = Release;
		};
		A0A388E82ABD6E7700F6072B /* Debug */ = {
			isa = XCBuildConfiguration;
			buildSettings = {
				ALWAYS_EMBED_SWIFT_STANDARD_LIBRARIES = YES;
				BUNDLE_LOADER = "$(TEST_HOST)";
				CODE_SIGN_STYLE = Automatic;
				CURRENT_PROJECT_VERSION = 1;
				DEVELOPMENT_TEAM = GW8XWHWQR7;
				GENERATE_INFOPLIST_FILE = YES;
				IPHONEOS_DEPLOYMENT_TARGET = 16.0;
				MACOSX_DEPLOYMENT_TARGET = 12.3;
				MARKETING_VERSION = 1.0;
				PRODUCT_BUNDLE_IDENTIFIER = com.taox.H4XORTests;
				PRODUCT_NAME = "$(TARGET_NAME)";
				SDKROOT = auto;
				SUPPORTED_PLATFORMS = "iphoneos iphonesimulator macosx";
				SWIFT_EMIT_LOC_STRINGS = NO;
				SWIFT_VERSION = 5.0;
				TARGETED_DEVICE_FAMILY = "1,2";
				TEST_HOST = "$(BUILT_PRODUCTS_DIR)/H4XOR.app/$(BUNDLE_EXECUTABLE_FOLDER_PATH)/H4XOR";
			};
			name = Debug;
		};
		A0A388E92ABD6E7700F6072B /* Release */ = {
			isa = XCBuildConfiguration;
			buildSettings = {
				ALWAYS_EMBED_SWIFT_STANDARD_LIBRARIES = YES;
				BUNDLE_LOADER = "$(TEST_HOST)";
				CODE_SIGN_STYLE = Automatic;
				CURRENT_PROJECT_VERSION = 1;
				DEVELOPMENT_TEAM = GW8XWHWQR7;
				GENERATE_INFOPLIST_FILE = YES;
				IPHONEOS_DEPLOYMENT_TARGET = 16.0;
				MACOSX_DEPLOYMENT_TARGET = 12.3;
				MARKETING_VERSION = 1.0;
				PRODUCT_BUNDLE_IDENTIFIER = com.taox.H4XORTests;
				PRODUCT_NAME = "$(TARGET_NAME)";
				SDKROOT = auto;
				SUPPORTED_PLATFORMS = "iphoneos iphonesimulator macosx";
				SWIFT_EMIT_LOC_STRINGS = NO;
				SWIFT_VERSION = 5.0;
				TARGETED_DEVICE_FAMILY = "1,2";
				TEST_HOST = "$(BUILT_PRODUCTS_DIR)/H4XOR.app/$(BUNDLE_EXECUTABLE_FOLDER_PATH)/H4XOR";
			};
			name = Release;
		};
		A0A388EB2ABD6E7700F6072B /* Debug */ = {
			isa = XCBuildConfiguration;
			buildSettings = {
				ALWAYS_EMBED_SWIFT_STANDARD_LIBRARIES = YES;
				CODE_SIGN_STYLE = Automatic;
				CURRENT_PROJECT_VERSION = 1;
				DEVELOPMENT_TEAM = GW8XWHWQR7;
				GENERATE_INFOPLIST_FILE = YES;
				IPHONEOS_DEPLOYMENT_TARGET = 16.0;
				MACOSX_DEPLOYMENT_TARGET = 12.3;
				MARKETING_VERSION = 1.0;
				PRODUCT_BUNDLE_IDENTIFIER = com.taox.H4XORUITests;
				PRODUCT_NAME = "$(TARGET_NAME)";
				SDKROOT = auto;
				SUPPORTED_PLATFORMS = "iphoneos iphonesimulator macosx";
				SWIFT_EMIT_LOC_STRINGS = NO;
				SWIFT_VERSION = 5.0;
				TARGETED_DEVICE_FAMILY = "1,2";
				TEST_TARGET_NAME = H4XOR;
			};
			name = Debug;
		};
		A0A388EC2ABD6E7700F6072B /* Release */ = {
			isa = XCBuildConfiguration;
			buildSettings = {
				ALWAYS_EMBED_SWIFT_STANDARD_LIBRARIES = YES;
				CODE_SIGN_STYLE = Automatic;
				CURRENT_PROJECT_VERSION = 1;
				DEVELOPMENT_TEAM = GW8XWHWQR7;
				GENERATE_INFOPLIST_FILE = YES;
				IPHONEOS_DEPLOYMENT_TARGET = 16.0;
				MACOSX_DEPLOYMENT_TARGET = 12.3;
				MARKETING_VERSION = 1.0;
				PRODUCT_BUNDLE_IDENTIFIER = com.taox.H4XORUITests;
				PRODUCT_NAME = "$(TARGET_NAME)";
				SDKROOT = auto;
				SUPPORTED_PLATFORMS = "iphoneos iphonesimulator macosx";
				SWIFT_EMIT_LOC_STRINGS = NO;
				SWIFT_VERSION = 5.0;
				TARGETED_DEVICE_FAMILY = "1,2";
				TEST_TARGET_NAME = H4XOR;
			};
			name = Release;
		};
/* End XCBuildConfiguration section */

/* Begin XCConfigurationList section */
		A0A388BA2ABD6E7600F6072B /* Build configuration list for PBXProject "H4XOR" */ = {
			isa = XCConfigurationList;
			buildConfigurations = (
				A0A388E22ABD6E7700F6072B /* Debug */,
				A0A388E32ABD6E7700F6072B /* Release */,
			);
			defaultConfigurationIsVisible = 0;
			defaultConfigurationName = Release;
		};
		A0A388E42ABD6E7700F6072B /* Build configuration list for PBXNativeTarget "H4XOR" */ = {
			isa = XCConfigurationList;
			buildConfigurations = (
				A0A388E52ABD6E7700F6072B /* Debug */,
				A0A388E62ABD6E7700F6072B /* Release */,
			);
			defaultConfigurationIsVisible = 0;
			defaultConfigurationName = Release;
		};
		A0A388E72ABD6E7700F6072B /* Build configuration list for PBXNativeTarget "H4XORTests" */ = {
			isa = XCConfigurationList;
			buildConfigurations = (
				A0A388E82ABD6E7700F6072B /* Debug */,
				A0A388E92ABD6E7700F6072B /* Release */,
			);
			defaultConfigurationIsVisible = 0;
			defaultConfigurationName = Release;
		};
		A0A388EA2ABD6E7700F6072B /* Build configuration list for PBXNativeTarget "H4XORUITests" */ = {
			isa = XCConfigurationList;
			buildConfigurations = (
				A0A388EB2ABD6E7700F6072B /* Debug */,
				A0A388EC2ABD6E7700F6072B /* Release */,
			);
			defaultConfigurationIsVisible = 0;
			defaultConfigurationName = Release;
		};
/* End XCConfigurationList section */
	};
	rootObject = A0A388B72ABD6E7600F6072B /* Project object */;
}
